
Microsoft Visual Studio Solution File, Format Version 12.00
Project("{FAE04EC0-301F-11D3-BF4B-00C04F79EFBC}") = "AdventOfCode.Src", "AdventOfCode.Src\AdventOfCode.Src.csproj", "{F40740F2-1C34-4C51-A074-5B5B8E76A776}"
EndProject
Project("{FAE04EC0-301F-11D3-BF4B-00C04F79EFBC}") = "AdeventOfCode.Tests", "AdeventOfCode.Tests\AdeventOfCode.Tests.csproj", "{58CCAFE0-D8B7-4D69-B0F2-B24915906BDD}"
EndProject
Global
	GlobalSection(SolutionConfigurationPlatforms) = preSolution
		Debug|Any CPU = Debug|Any CPU
		Release|Any CPU = Release|Any CPU
	EndGlobalSection
	GlobalSection(ProjectConfigurationPlatforms) = postSolution
		{F40740F2-1C34-4C51-A074-5B5B8E76A776}.Debug|Any CPU.ActiveCfg = Debug|Any CPU
		{F40740F2-1C34-4C51-A074-5B5B8E76A776}.Debug|Any CPU.Build.0 = Debug|Any CPU
		{F40740F2-1C34-4C51-A074-5B5B8E76A776}.Release|Any CPU.ActiveCfg = Release|Any CPU
		{F40740F2-1C34-4C51-A074-5B5B8E76A776}.Release|Any CPU.Build.0 = Release|Any CPU
		{58CCAFE0-D8B7-4D69-B0F2-B24915906BDD}.Debug|Any CPU.ActiveCfg = Debug|Any CPU
		{58CCAFE0-D8B7-4D69-B0F2-B24915906BDD}.Debug|Any CPU.Build.0 = Debug|Any CPU
		{58CCAFE0-D8B7-4D69-B0F2-B24915906BDD}.Release|Any CPU.ActiveCfg = Release|Any CPU
		{58CCAFE0-D8B7-4D69-B0F2-B24915906BDD}.Release|Any CPU.Build.0 = Release|Any CPU
	EndGlobalSection
EndGlobal
